{
  "name": "assignment_2",
  "version": "1.0.0",
  "lockfileVersion": 3,
  "requires": true,
  "packages": {
    "": {
      "name": "assignment_2",
      "version": "1.0.0",
      "license": "ISC",
      "dependencies": {
        "mongodb": "^6.8.0"
      }
    },
    "node_modules/@mongodb-js/saslprep": {
      "version": "1.1.9",
      "resolved": "https://registry.npmjs.org/@mongodb-js/saslprep/-/saslprep-1.1.9.tgz",
      "integrity": "sha512-tVkljjeEaZ132mTMIf130QUNXGGT0RRi1AnHql0gPNg82U98JqfZhTe+IhuvTZTu174Xx13nUp12+/yqyi3ojg==",
      "dependencies": {
        "sparse-bitfield": "^3.0.3"
      }
    },
    "node_modules/@types/node": {
      "version": "22.5.5",
      "resolved": "https://registry.npmjs.org/@types/node/-/node-22.5.5.tgz",
      "integrity": "sha512-y+2vaxW8ZSq2oCzeNL7jWOUM+SzyN114KA343ZZRQQZDYxeip1Xrg9e4U55b0Z63B1y41W3rM5i0v9zZno82ng==",
      "dependencies": {
        "undici-types": "~6.19.2"
      }
    },
    "node_modules/bson": {
      "version": "6.8.0",
      "resolved": "https://registry.npmjs.org/bson/-/bson-6.8.0.tgz",
      "integrity": "sha512-iOJg8pr7wq2tgKLxxk2JwNdL0drUrNO4409IjOPllupHfk9ORybShSlz0UaDLBPide6zpBlubWTj0U4UgwcmUg==",
      "engines": {
        "node": ">=16.20.1"
      }
    },
    "node_modules/memory-pager": {
      "version": "1.5.0",
      "resolved": "https://registry.npmjs.org/memory-pager/-/memory-pager-1.5.0.tgz",
      "integrity": "sha512-ZS4Bp4r/Zoeq6+NLJpP+0Zzm0pR8whtGPf1XExKLJBAczGMnSi3It14OiNCStjQjM6NU1okjQPXqlJWvkKAHiA=="
    },
    "node_modules/mongodb": {
      "version": "6.8.0",
      "resolved": "https://registry.npmjs.org/mongodb/-/mongodb-6.8.0.tgz",
      "integrity": "sha512-HGQ9NWDle5WvwKo022ZkgTWqMWNuO9JnZ2RgHgl8ttQDcjbiE3mqPZ7s4G120468T45Hs60hSGs/2nS2w1vGcw==",
      "dependencies": {
        "@mongodb-js/saslprep": "^1.1.5",
        "bson": "^6.7.0",
        "mongodb-connection-string-url": "^3.0.0"
      },
      "engines": {
        "node": ">=16.20.1"
      }
    },
    "node_modules/mongodb-connection-string-url": {
      "version": "3.0.1",
      "resolved": "https://registry.npmjs.org/mongodb-connection-string-url/-/mongodb-connection-string-url-3.0.1.tgz",
      "integrity": "sha512-XqMGvWD054VCZXDYVWZ5jnOwJM866UC400s5L9M1PVzOCW20wp5SvnNsU842K89004B2/A0vCw85QvTCsvsYbg==",
      "dependencies": {
        "@types/whatwg-url": "^11.0.2",
        "whatwg-url": "^13.0.0"
      }
    },
    "node_modules/sparse-bitfield": {
      "version": "3.0.3",
      "resolved": "https://registry.npmjs.org/sparse-bitfield/-/sparse-bitfield-3.0.3.tgz",
      "integrity": "sha512-kvzhi7vqKTfkh0P09KPIAO GaA8P+Qnu/854U3992019488"
    }
  }
}
